// !$*UTF8*$!
{
	archiveVersion = 1;
	classes = {
	};
	objectVersion = 48;
	objects = {

/* Begin PBXBuildFile section */
		0B0C477A20108249004986AE /* Dog.swift in Sources */ = {isa = PBXBuildFile; fileRef = 0B0C477920108249004986AE /* Dog.swift */; };
		0B0C477C2010825E004986AE /* DogViewModel.swift in Sources */ = {isa = PBXBuildFile; fileRef = 0B0C477B2010825E004986AE /* DogViewModel.swift */; };
		0B5FE86520103A5B00BCD97C /* AppDelegate.swift in Sources */ = {isa = PBXBuildFile; fileRef = 0B5FE86420103A5B00BCD97C /* AppDelegate.swift */; };
		0B5FE86720103A5B00BCD97C /* ViewController.swift in Sources */ = {isa = PBXBuildFile; fileRef = 0B5FE86620103A5B00BCD97C /* ViewController.swift */; };
		0B5FE86A20103A5B00BCD97C /* Main.storyboard in Resources */ = {isa = PBXBuildFile; fileRef = 0B5FE86820103A5B00BCD97C /* Main.storyboard */; };
		0B5FE86C20103A5B00BCD97C /* Assets.xcassets in Resources */ = {isa = PBXBuildFile; fileRef = 0B5FE86B20103A5B00BCD97C /* Assets.xcassets */; };
		0B5FE86F20103A5B00BCD97C /* LaunchScreen.storyboard in Resources */ = {isa = PBXBuildFile; fileRef = 0B5FE86D20103A5B00BCD97C /* LaunchScreen.storyboard */; };
/* End PBXBuildFile section */

/* Begin PBXFileReference section */
		0B0C477920108249004986AE /* Dog.swift */ = {isa = PBXFileReference; lastKnownFileType = sourcecode.swift; path = Dog.swift; sourceTree = "<group>"; };
		0B0C477B2010825E004986AE /* DogViewModel.swift */ = {isa = PBXFileReference; lastKnownFileType = sourcecode.swift; path = DogViewModel.swift; sourceTree = "<group>"; };
		0B5FE86120103A5B00BCD97C /* App-01.app */ = {isa = PBXFileReference; explicitFileType = wrapper.application; includeInIndex = 0; path = "App-01.app"; sourceTree = BUILT_PRODUCTS_DIR; };
		0B5FE86420103A5B00BCD97C /* AppDelegate.swift */ = {isa = PBXFileReference; lastKnownFileType = sourcecode.swift; path = AppDelegate.swift; sourceTree = "<group>"; };
		0B5FE86620103A5B00BCD97C /* ViewController.swift */ = {isa = PBXFileReference; lastKnownFileType = sourcecode.swift; path = ViewController.swift; sourceTree = "<group>"; };
		0B5FE86920103A5B00BCD97C /* Base */ = {isa = PBXFileReference; lastKnownFileType = file.storyboard; name = Base; path = Base.lproj/Main.storyboard; sourceTree = "<group>"; };
		0B5FE86B20103A5B00BCD97C /* Assets.xcassets */ = {isa = PBXFileReference; lastKnownFileType = folder.assetcatalog; path = Assets.xcassets; sourceTree = "<group>"; };
		0B5FE86E20103A5B00BCD97C /* Base */ = {isa = PBXFileReference; lastKnownFileType = file.storyboard; name = Base; path = Base.lproj/LaunchScreen.storyboard; sourceTree = "<group>"; };
		0B5FE87020103A5B00BCD97C /* Info.plist */ = {isa = PBXFileReference; lastKnownFileType = text.plist.xml; path = Info.plist; sourceTree = "<group>"; };
/* End PBXFileReference section */

/* Begin PBXFrameworksBuildPhase section */
		0B5FE85E20103A5B00BCD97C /* Frameworks */ = {
			isa = PBXFrameworksBuildPhase;
			buildActionMask = 2147483647;
			files = (
			);
			runOnlyForDeploymentPostprocessing = 0;
		};
/* End PBXFrameworksBuildPhase section */

/* Begin PBXGroup section */
		0B5FE85820103A5B00BCD97C = {
			isa = PBXGroup;
			children = (
				0B5FE86320103A5B00BCD97C /* App-01 */,
				0B5FE86220103A5B00BCD97C /* Products */,
			);
			sourceTree = "<group>";
		};
		0B5FE86220103A5B00BCD97C /* Products */ = {
			isa = PBXGroup;
			children = (
				0B5FE86120103A5B00BCD97C /* App-01.app */,
			);
			name = Products;
			sourceTree = "<group>";
		};
		0B5FE86320103A5B00BCD97C /* App-01 */ = {
			isa = PBXGroup;
			children = (
				0B5FE86420103A5B00BCD97C /* AppDelegate.swift */,
				0B0C477920108249004986AE /* Dog.swift */,
				0B0C477B2010825E004986AE /* DogViewModel.swift */,
				0B5FE86620103A5B00BCD97C /* ViewController.swift */,
				0B5FE86820103A5B00BCD97C /* Main.storyboard */,
				0B5FE86B20103A5B00BCD97C /* Assets.xcassets */,
				0B5FE86D20103A5B00BCD97C /* LaunchScreen.storyboard */,
				0B5FE87020103A5B00BCD97C /* Info.plist */,
			);
			path = "App-01";
			sourceTree = "<group>";
		};
/* End PBXGroup section */

/* Begin PBXNativeTarget section */
		0B5FE86020103A5B00BCD97C /* App-01 */ = {
			isa = PBXNativeTarget;
			buildConfigurationList = 0B5FE87320103A5B00BCD97C /* Build configuration list for PBXNativeTarget "App-01" */;
			buildPhases = (
				0B5FE85D20103A5B00BCD97C /* Sources */,
				0B5FE85E20103A5B00BCD97C /* Frameworks */,
				0B5FE85F20103A5B00BCD97C /* Resources */,
			);
			buildRules = (
			);
			dependencies = (
			);
			name = "App-01";
			productName = "App-01";
			productReference = 0B5FE86120103A5B00BCD97C /* App-01.app */;
			productType = "com.apple.product-type.application";
		};
/* End PBXNativeTarget section */

/* Begin PBXProject section */
		0B5FE85920103A5B00BCD97C /* Project object */ = {
			isa = PBXProject;
			attributes = {
				LastSwiftUpdateCheck = 0920;
				LastUpgradeCheck = 0920;
				ORGANIZATIONNAME = "Nguyễn Minh";
				TargetAttributes = {
					0B5FE86020103A5B00BCD97C = {
						CreatedOnToolsVersion = 9.2;
						ProvisioningStyle = Manual;
					};
				};
			};
			buildConfigurationList = 0B5FE85C20103A5B00BCD97C /* Build configuration list for PBXProject "App-01" */;
			compatibilityVersion = "Xcode 8.0";
			developmentRegion = en;
			hasScannedForEncodings = 0;
			knownRegions = (
				en,
				Base,
			);
			mainGroup = 0B5FE85820103A5B00BCD97C;
			productRefGroup = 0B5FE86220103A5B00BCD97C /* Products */;
			projectDirPath = "";
			projectRoot = "";
			targets = (
				0B5FE86020103A5B00BCD97C /* App-01 */,
			);
		};
/* End PBXProject section */

/* Begin PBXResourcesBuildPhase section */
		0B5FE85F20103A5B00BCD97C /* Resources */ = {
			isa = PBXResourcesBuildPhase;
			buildActionMask = 2147483647;
			files = (
				0B5FE86F20103A5B00BCD97C /* LaunchScreen.storyboard in Resources */,
				0B5FE86C20103A5B00BCD97C /* Assets.xcassets in Resources */,
				0B5FE86A20103A5B00BCD97C /* Main.storyboard in Resources */,
			);
			runOnlyForDeploymentPostprocessing = 0;
		};
/* End PBXResourcesBuildPhase section */

/* Begin PBXSourcesBuildPhase section */
		0B5FE85D20103A5B00BCD97C /* Sources */ = {
			isa = PBXSourcesBuildPhase;
			buildActionMask = 2147483647;
			files = (
				0B5FE86720103A5B00BCD97C /* ViewController.swift in Sources */,
				0B5FE86520103A5B00BCD97C /* AppDelegate.swift in Sources */,
				0B0C477A20108249004986AE /* Dog.swift in Sources */,
				0B0C477C2010825E004986AE /* DogViewModel.swift in Sources */,
			);
			runOnlyForDeploymentPostprocessing = 0;
		};
/* End PBXSourcesBuildPhase section */

/* Begin PBXVariantGroup section */
		0B5FE86820103A5B00BCD97C /* Main.storyboard */ = {
			isa = PBXVariantGroup;
			children = (
				0B5FE86920103A5B00BCD97C /* Base */,
			);
			name = Main.storyboard;
			sourceTree = "<group>";
		};
		0B5FE86D20103A5B00BCD97C /* LaunchScreen.storyboard */ = {
			isa = PBXVariantGroup;
			children = (
				0B5FE86E20103A5B00BCD97C /* Base */,
			);
			name = LaunchScreen.storyboard;
			sourceTree = "<group>";
		};
/* End PBXVariantGroup section */

/* Begin XCBuildConfiguration section */
		0B5FE87120103A5B00BCD97C /* Debug */ = {
			isa = XCBuildConfiguration;
			buildSettings = {
				ALWAYS_SEARCH_USER_PATHS = NO;
				CLANG_ANALYZER_NONNULL = YES;
				CLANG_ANALYZER_NUMBER_OBJECT_CONVERSION = YES_AGGRESSIVE;
				CLANG_CXX_LANGUAGE_STANDARD = "gnu++14";
				CLANG_CXX_LIBRARY = "libc++";
				CLANG_ENABLE_MODULES = YES;
				CLANG_ENABLE_OBJC_ARC = YES;
				CLANG_WARN_BLOCK_CAPTURE_AUTORELEASING = YES;
				CLANG_WARN_BOOL_CONVERSION = YES;
				CLANG_WARN_COMMA = YES;
				CLANG_WARN_CONSTANT_CONVERSION = YES;
				CLANG_WARN_DIRECT_OBJC_ISA_USAGE = YES_ERROR;
				CLANG_WARN_DOCUMENTATION_COMMENTS = YES;
				CLANG_WARN_EMPTY_BODY = YES;
				CLANG_WARN_ENUM_CONVERSION = YES;
				CLANG_WARN_INFINITE_RECURSION = YES;
				CLANG_WARN_INT_CONVERSION = YES;
				CLANG_WARN_NON_LITERAL_NULL_CONVERSION = YES;
				CLANG_WARN_OBJC_LITERAL_CONVERSION = YES;
				CLANG_WARN_OBJC_ROOT_CLASS = YES_ERROR;
				CLANG_WARN_RANGE_LOOP_ANALYSIS = YES;
				CLANG_WARN_STRICT_PROTOTYPES = YES;
				CLANG_WARN_SUSPICIOUS_MOVE = YES;
				CLANG_WARN_UNGUARDED_AVAILABILITY = YES_AGGRESSIVE;
				CLANG_WARN_UNREACHABLE_CODE = YES;
				CLANG_WARN__DUPLICATE_METHOD_MATCH = YES;
				CODE_SIGN_IDENTITY = "iPhone Developer";
				COPY_PHASE_STRIP = NO;
				DEBUG_INFORMATION_FORMAT = dwarf;
				ENABLE_STRICT_OBJC_MSGSEND = YES;
				ENABLE_TESTABILITY = YES;
				GCC_C_LANGUAGE_STANDARD = gnu11;
				GCC_DYNAMIC_NO_PIC = NO;
				GCC_NO_COMMON_BLOCKS = YES;
				GCC_OPTIMIZATION_LEVEL = 0;
				GCC_PREPROCESSOR_DEFINITIONS = (
					"DEBUG=1",
					"$(inherited)",
				);
				GCC_WARN_64_TO_32_BIT_CONVERSION = YES;
				GCC_WARN_ABOUT_RETURN_TYPE = YES_ERROR;
				GCC_WARN_UNDECLARED_SELECTOR = YES;
				GCC_WARN_UNINITIALIZED_AUTOS = YES_AGGRESSIVE;
				GCC_WARN_UNUSED_FUNCTION = YES;
				GCC_WARN_UNUSED_VARIABLE = YES;
				IPHONEOS_DEPLOYMENT_TARGET = 11.2;
				MTL_ENABLE_DEBUG_INFO = YES;
				ONLY_ACTIVE_ARCH = YES;
				SDKROOT = iphoneos;
				SWIFT_ACTIVE_COMPILATION_CONDITIONS = DEBUG;
				SWIFT_OPTIMIZATION_LEVEL = "-Onone";
			};
			name = Debug;
		};
		0B5FE87220103A5B00BCD97C /* Release */ = {
			isa = XCBuildConfiguration;
			buildSettings = {
				ALWAYS_SEARCH_USER_PATHS = NO;
				CLANG_ANALYZER_NONNULL = YES;
				CLANG_ANALYZER_NUMBER_OBJECT_CONVERSION = YES_AGGRESSIVE;
				CLANG_CXX_LANGUAGE_STANDARD = "gnu++14";
				CLANG_CXX_LIBRARY = "libc++";
				CLANG_ENABLE_MODULES = YES;
				CLANG_ENABLE_OBJC_ARC = YES;
				CLANG_WARN_BLOCK_CAPTURE_AUTORELEASING = YES;
				CLANG_WARN_BOOL_CONVERSION = YES;
				CLANG_WARN_COMMA = YES;
				CLANG_WARN_CONSTANT_CONVERSION = YES;
				CLANG_WARN_DIRECT_OBJC_ISA_USAGE = YES_ERROR;
				CLANG_WARN_DOCUMENTATION_COMMENTS = YES;
				CLANG_WARN_EMPTY_BODY = YES;
				CLANG_WARN_ENUM_CONVERSION = YES;
				CLANG_WARN_INFINITE_RECURSION = YES;
				CLANG_WARN_INT_CONVERSION = YES;
				CLANG_WARN_NON_LITERAL_NULL_CONVERSION = YES;
				CLANG_WARN_OBJC_LITERAL_CONVERSION = YES;
				CLANG_WARN_OBJC_ROOT_CLASS = YES_ERROR;
				CLANG_WARN_RANGE_LOOP_ANALYSIS = YES;
				CLANG_WARN_STRICT_PROTOTYPES = YES;
				CLANG_WARN_SUSPICIOUS_MOVE = YES;
				CLANG_WARN_UNGUARDED_AVAILABILITY = YES_AGGRESSIVE;
				CLANG_WARN_UNREACHABLE_CODE = YES;
				CLANG_WARN__DUPLICATE_METHOD_MATCH = YES;
				CODE_SIGN_IDENTITY = "iPhone Developer";
				COPY_PHASE_STRIP = NO;
				DEBUG_INFORMATION_FORMAT = "dwarf-with-dsym";
				ENABLE_NS_ASSERTIONS = NO;
				ENABLE_STRICT_OBJC_MSGSEND = YES;
				GCC_C_LANGUAGE_STANDARD = gnu11;
				GCC_NO_COMMON_BLOCKS = YES;
				GCC_WARN_64_TO_32_BIT_CONVERSION = YES;
				GCC_WARN_ABOUT_RETURN_TYPE = YES_ERROR;
				GCC_WARN_UNDECLARED_SELECTOR = YES;
				GCC_WARN_UNINITIALIZED_AUTOS = YES_AGGRESSIVE;
				GCC_WARN_UNUSED_FUNCTION = YES;
				GCC_WARN_UNUSED_VARIABLE = YES;
				IPHONEOS_DEPLOYMENT_TARGET = 11.2;
				MTL_ENABLE_DEBUG_INFO = NO;
				SDKROOT = iphoneos;
				SWIFT_OPTIMIZATION_LEVEL = "-Owholemodule";
				VALIDATE_PRODUCT = YES;
			};
			name = Release;
		};
		0B5FE87420103A5B00BCD97C /* Debug */ = {
			isa = XCBuildConfiguration;
			buildSettings = {
				ASSETCATALOG_COMPILER_APPICON_NAME = AppIcon;
				CODE_SIGN_STYLE = Manual;
				DEVELOPMENT_TEAM = "";
				INFOPLIST_FILE = "App-01/Info.plist";
				LD_RUNPATH_SEARCH_PATHS = "$(inherited) @executable_path/Frameworks";
				PRODUCT_BUNDLE_IDENTIFIER = "com.minhn.App-01";
				PRODUCT_NAME = "$(TARGET_NAME)";
				PROVISIONING_PROFILE_SPECIFIER = "";
				SWIFT_VERSION = 4.0;
				TARGETED_DEVICE_FAMILY = "1,2";
			};
			name = Debug;
		};
		0B5FE87520103A5B00BCD97C /* Release */ = {
			isa = XCBuildConfiguration;
			buildSettings = {
				ASSETCATALOG_COMPILER_APPICON_NAME = AppIcon;
				CODE_SIGN_STYLE = Manual;
				DEVELOPMENT_TEAM = "";
				INFOPLIST_FILE = "App-01/Info.plist";
				LD_RUNPATH_SEARCH_PATHS = "$(inherited) @executable_path/Frameworks";
				PRODUCT_BUNDLE_IDENTIFIER = "com.minhn.App-01";
				PRODUCT_NAME = "$(TARGET_NAME)";
				PROVISIONING_PROFILE_SPECIFIER = "";
				SWIFT_VERSION = 4.0;
				TARGETED_DEVICE_FAMILY = "1,2";
			};
			name = Release;
		};
/* End XCBuildConfiguration section */

/* Begin XCConfigurationList section */
		0B5FE85C20103A5B00BCD97C /* Build configuration list for PBXProject "App-01" */ = {
			isa = XCConfigurationList;
			buildConfigurations = (
				0B5FE87120103A5B00BCD97C /* Debug */,
				0B5FE87220103A5B00BCD97C /* Release */,
			);
			defaultConfigurationIsVisible = 0;
			defaultConfigurationName = Release;
		};
		0B5FE87320103A5B00BCD97C /* Build configuration list for PBXNativeTarget "App-01" */ = {
			isa = XCConfigurationList;
			buildConfigurations = (
				0B5FE87420103A5B00BCD97C /* Debug */,
				0B5FE87520103A5B00BCD97C /* Release */,
			);
			defaultConfigurationIsVisible = 0;
			defaultConfigurationName = Release;
		};
/* End XCConfigurationList section */
	};
	rootObject = 0B5FE85920103A5B00BCD97C /* Project object */;
}
